
Microsoft Visual Studio Solution File, Format Version 12.00
# Visual Studio Version 17
VisualStudioVersion = 17.2.32516.85
MinimumVisualStudioVersion = 10.0.40219.1
Project("{FAE04EC0-301F-11D3-BF4B-00C04F79EFBC}") = "FiFu空岛相关工具（第二弹）", "FiFu空岛相关工具（第二弹）.csproj", "{281E2CAE-B8AE-41BE-9BE5-554864920966}"
EndProject
Global
	GlobalSection(SolutionConfigurationPlatforms) = preSolution
		Debug|Any CPU = Debug|Any CPU
		Release|Any CPU = Release|Any CPU
	EndGlobalSection
	GlobalSection(ProjectConfigurationPlatforms) = postSolution
		{281E2CAE-B8AE-41BE-9BE5-554864920966}.Debug|Any CPU.ActiveCfg = Debug|Any CPU
		{281E2CAE-B8AE-41BE-9BE5-554864920966}.Debug|Any CPU.Build.0 = Debug|Any CPU
		{281E2CAE-B8AE-41BE-9BE5-554864920966}.Release|Any CPU.ActiveCfg = Release|Any CPU
		{281E2CAE-B8AE-41BE-9BE5-554864920966}.Release|Any CPU.Build.0 = Release|Any CPU
	EndGlobalSection
	GlobalSection(SolutionProperties) = preSolution
		HideSolutionNode = FALSE
	EndGlobalSection
	GlobalSection(ExtensibilityGlobals) = postSolution
		SolutionGuid = {82315CAA-D6A6-441C-B3FF-0F96765B14A6}
	EndGlobalSection
EndGlobal
